// !$*UTF8*$!
{
	archiveVersion = 1;
	classes = {
	};
	objectVersion = 51;
	objects = {

/* Begin PBXBuildFile section */
		7EC55EB7A84ADE4F1870F094 /* Pods_IGListKit_Objc.framework in Frameworks */ = {isa = PBXBuildFile; fileRef = 95C99B4707B9D53C8B45F1B7 /* Pods_IGListKit_Objc.framework */; };
		B8371CD7236FCD1200FB1F03 /* AppDelegate.m in Sources */ = {isa = PBXBuildFile; fileRef = B8371CD6236FCD1200FB1F03 /* AppDelegate.m */; };
		B8371CDA236FCD1200FB1F03 /* SceneDelegate.m in Sources */ = {isa = PBXBuildFile; fileRef = B8371CD9236FCD1200FB1F03 /* SceneDelegate.m */; };
		B8371CDD236FCD1200FB1F03 /* MainViewController.m in Sources */ = {isa = PBXBuildFile; fileRef = B8371CDC236FCD1200FB1F03 /* MainViewController.m */; };
		B8371CE0236FCD1200FB1F03 /* Main.storyboard in Resources */ = {isa = PBXBuildFile; fileRef = B8371CDE236FCD1200FB1F03 /* Main.storyboard */; };
		B8371CE2236FCD1400FB1F03 /* Assets.xcassets in Resources */ = {isa = PBXBuildFile; fileRef = B8371CE1236FCD1400FB1F03 /* Assets.xcassets */; };
		B8371CE5236FCD1400FB1F03 /* LaunchScreen.storyboard in Resources */ = {isa = PBXBuildFile; fileRef = B8371CE3236FCD1400FB1F03 /* LaunchScreen.storyboard */; };
		B8371CE8236FCD1400FB1F03 /* main.m in Sources */ = {isa = PBXBuildFile; fileRef = B8371CE7236FCD1400FB1F03 /* main.m */; };
/* End PBXBuildFile section */

/* Begin PBXFileReference section */
		351FC598451A64AA7E43BE81 /* Pods-IGListKit-Objc.release.xcconfig */ = {isa = PBXFileReference; includeInIndex = 1; lastKnownFileType = text.xcconfig; name = "Pods-IGListKit-Objc.release.xcconfig"; path = "Target Support Files/Pods-IGListKit-Objc/Pods-IGListKit-Objc.release.xcconfig"; sourceTree = "<group>"; };
		57FA2741A327ECE4B38BF8EB /* Pods-IGListKit-Objc.debug.xcconfig */ = {isa = PBXFileReference; includeInIndex = 1; lastKnownFileType = text.xcconfig; name = "Pods-IGListKit-Objc.debug.xcconfig"; path = "Target Support Files/Pods-IGListKit-Objc/Pods-IGListKit-Objc.debug.xcconfig"; sourceTree = "<group>"; };
		95C99B4707B9D53C8B45F1B7 /* Pods_IGListKit_Objc.framework */ = {isa = PBXFileReference; explicitFileType = wrapper.framework; includeInIndex = 0; path = Pods_IGListKit_Objc.framework; sourceTree = BUILT_PRODUCTS_DIR; };
		B8371CD2236FCD1200FB1F03 /* IGListKit-Objc.app */ = {isa = PBXFileReference; explicitFileType = wrapper.application; includeInIndex = 0; path = "IGListKit-Objc.app"; sourceTree = BUILT_PRODUCTS_DIR; };
		B8371CD5236FCD1200FB1F03 /* AppDelegate.h */ = {isa = PBXFileReference; lastKnownFileType = sourcecode.c.h; path = AppDelegate.h; sourceTree = "<group>"; };
		B8371CD6236FCD1200FB1F03 /* AppDelegate.m */ = {isa = PBXFileReference; lastKnownFileType = sourcecode.c.objc; path = AppDelegate.m; sourceTree = "<group>"; };
		B8371CD8236FCD1200FB1F03 /* SceneDelegate.h */ = {isa = PBXFileReference; lastKnownFileType = sourcecode.c.h; path = SceneDelegate.h; sourceTree = "<group>"; };
		B8371CD9236FCD1200FB1F03 /* SceneDelegate.m */ = {isa = PBXFileReference; lastKnownFileType = sourcecode.c.objc; path = SceneDelegate.m; sourceTree = "<group>"; };
		B8371CDB236FCD1200FB1F03 /* MainViewController.h */ = {isa = PBXFileReference; lastKnownFileType = sourcecode.c.h; path = MainViewController.h; sourceTree = "<group>"; };
		B8371CDC236FCD1200FB1F03 /* MainViewController.m */ = {isa = PBXFileReference; lastKnownFileType = sourcecode.c.objc; path = MainViewController.m; sourceTree = "<group>"; };
		B8371CDF236FCD1200FB1F03 /* Base */ = {isa = PBXFileReference; lastKnownFileType = file.storyboard; name = Base; path = Base.lproj/Main.storyboard; sourceTree = "<group>"; };
		B8371CE1236FCD1400FB1F03 /* Assets.xcassets */ = {isa = PBXFileReference; lastKnownFileType = folder.assetcatalog; path = Assets.xcassets; sourceTree = "<group>"; };
		B8371CE4236FCD1400FB1F03 /* Base */ = {isa = PBXFileReference; lastKnownFileType = file.storyboard; name = Base; path = Base.lproj/LaunchScreen.storyboard; sourceTree = "<group>"; };
		B8371CE6236FCD1400FB1F03 /* Info.plist */ = {isa = PBXFileReference; lastKnownFileType = text.plist.xml; path = Info.plist; sourceTree = "<group>"; };
		B8371CE7236FCD1400FB1F03 /* main.m */ = {isa = PBXFileReference; lastKnownFileType = sourcecode.c.objc; path = main.m; sourceTree = "<group>"; };
		B8371CEE236FCD1900FB1F03 /* IGListKit-Objc.entitlements */ = {isa = PBXFileReference; lastKnownFileType = text.plist.entitlements; path = "IGListKit-Objc.entitlements"; sourceTree = "<group>"; };
/* End PBXFileReference section */

/* Begin PBXFrameworksBuildPhase section */
		B8371CCF236FCD1200FB1F03 /* Frameworks */ = {
			isa = PBXFrameworksBuildPhase;
			buildActionMask = 2147483647;
			files = (
				7EC55EB7A84ADE4F1870F094 /* Pods_IGListKit_Objc.framework in Frameworks */,
			);
			runOnlyForDeploymentPostprocessing = 0;
		};
/* End PBXFrameworksBuildPhase section */

/* Begin PBXGroup section */
		248A976A395A469F80C36C2F /* Pods */ = {
			isa = PBXGroup;
			children = (
				57FA2741A327ECE4B38BF8EB /* Pods-IGListKit-Objc.debug.xcconfig */,
				351FC598451A64AA7E43BE81 /* Pods-IGListKit-Objc.release.xcconfig */,
			);
			path = Pods;
			sourceTree = "<group>";
		};
		357EF4977A87A2EC4F2201BE /* Frameworks */ = {
			isa = PBXGroup;
			children = (
				95C99B4707B9D53C8B45F1B7 /* Pods_IGListKit_Objc.framework */,
			);
			name = Frameworks;
			sourceTree = "<group>";
		};
		B8371CC9236FCD1200FB1F03 = {
			isa = PBXGroup;
			children = (
				B8371CD4236FCD1200FB1F03 /* IGListKit-Objc */,
				B8371CD3236FCD1200FB1F03 /* Products */,
				248A976A395A469F80C36C2F /* Pods */,
				357EF4977A87A2EC4F2201BE /* Frameworks */,
			);
			sourceTree = "<group>";
		};
		B8371CD3236FCD1200FB1F03 /* Products */ = {
			isa = PBXGroup;
			children = (
				B8371CD2236FCD1200FB1F03 /* IGListKit-Objc.app */,
			);
			name = Products;
			sourceTree = "<group>";
		};
		B8371CD4236FCD1200FB1F03 /* IGListKit-Objc */ = {
			isa = PBXGroup;
			children = (
				B8371CEE236FCD1900FB1F03 /* IGListKit-Objc.entitlements */,
				B8371CD5236FCD1200FB1F03 /* AppDelegate.h */,
				B8371CD6236FCD1200FB1F03 /* AppDelegate.m */,
				B8371CD8236FCD1200FB1F03 /* SceneDelegate.h */,
				B8371CD9236FCD1200FB1F03 /* SceneDelegate.m */,
				B8371CDB236FCD1200FB1F03 /* MainViewController.h */,
				B8371CDC236FCD1200FB1F03 /* MainViewController.m */,
				B8371CDE236FCD1200FB1F03 /* Main.storyboard */,
				B8371CE1236FCD1400FB1F03 /* Assets.xcassets */,
				B8371CE3236FCD1400FB1F03 /* LaunchScreen.storyboard */,
				B8371CE6236FCD1400FB1F03 /* Info.plist */,
				B8371CE7236FCD1400FB1F03 /* main.m */,
			);
			path = "IGListKit-Objc";
			sourceTree = "<group>";
		};
/* End PBXGroup section */

/* Begin PBXNativeTarget section */
		B8371CD1236FCD1200FB1F03 /* IGListKit-Objc */ = {
			isa = PBXNativeTarget;
			buildConfigurationList = B8371CEB236FCD1400FB1F03 /* Build configuration list for PBXNativeTarget "IGListKit-Objc" */;
			buildPhases = (
				1F054631EBAD11AE4151EA30 /* [CP] Check Pods Manifest.lock */,
				B8371CCE236FCD1200FB1F03 /* Sources */,
				B8371CCF236FCD1200FB1F03 /* Frameworks */,
				B8371CD0236FCD1200FB1F03 /* Resources */,
				CACF7A40170E1D5672205D17 /* [CP] Embed Pods Frameworks */,
			);
			buildRules = (
			);
			dependencies = (
			);
			name = "IGListKit-Objc";
			productName = "IGListKit-Objc";
			productReference = B8371CD2236FCD1200FB1F03 /* IGListKit-Objc.app */;
			productType = "com.apple.product-type.application";
		};
/* End PBXNativeTarget section */

/* Begin PBXProject section */
		B8371CCA236FCD1200FB1F03 /* Project object */ = {
			isa = PBXProject;
			attributes = {
				LastUpgradeCheck = 1110;
				ORGANIZATIONNAME = itaen;
				TargetAttributes = {
					B8371CD1236FCD1200FB1F03 = {
						CreatedOnToolsVersion = 11.1;
					};
				};
			};
			buildConfigurationList = B8371CCD236FCD1200FB1F03 /* Build configuration list for PBXProject "IGListKit-Objc" */;
			compatibilityVersion = "Xcode 9.3";
			developmentRegion = en;
			hasScannedForEncodings = 0;
			knownRegions = (
				en,
				Base,
			);
			mainGroup = B8371CC9236FCD1200FB1F03;
			productRefGroup = B8371CD3236FCD1200FB1F03 /* Products */;
			projectDirPath = "";
			projectRoot = "";
			targets = (
				B8371CD1236FCD1200FB1F03 /* IGListKit-Objc */,
			);
		};
/* End PBXProject section */

/* Begin PBXResourcesBuildPhase section */
		B8371CD0236FCD1200FB1F03 /* Resources */ = {
			isa = PBXResourcesBuildPhase;
			buildActionMask = 2147483647;
			files = (
				B8371CE5236FCD1400FB1F03 /* LaunchScreen.storyboard in Resources */,
				B8371CE2236FCD1400FB1F03 /* Assets.xcassets in Resources */,
				B8371CE0236FCD1200FB1F03 /* Main.storyboard in Resources */,
			);
			runOnlyForDeploymentPostprocessing = 0;
		};
/* End PBXResourcesBuildPhase section */

/* Begin PBXShellScriptBuildPhase section */
		1F054631EBAD11AE4151EA30 /* [CP] Check Pods Manifest.lock */ = {
			isa = PBXShellScriptBuildPhase;
			buildActionMask = 2147483647;
			files = (
			);
			inputFileListPaths = (
			);
			inputPaths = (
				"${PODS_PODFILE_DIR_PATH}/Podfile.lock",
				"${PODS_ROOT}/Manifest.lock",
			);
			name = "[CP] Check Pods Manifest.lock";
			outputFileListPaths = (
			);
			outputPaths = (
				"$(DERIVED_FILE_DIR)/Pods-IGListKit-Objc-checkManifestLockResult.txt",
			);
			runOnlyForDeploymentPostprocessing = 0;
			shellPath = /bin/sh;
			shellScript = "diff \"${PODS_PODFILE_DIR_PATH}/Podfile.lock\" \"${PODS_ROOT}/Manifest.lock\" > /dev/null\nif [ $? != 0 ] ; then\n    # print error to STDERR\n    echo \"error: The sandbox is not in sync with the Podfile.lock. Run 'pod install' or update your CocoaPods installation.\" >&2\n    exit 1\nfi\n# This output is used by Xcode 'outputs' to avoid re-running this script phase.\necho \"SUCCESS\" > \"${SCRIPT_OUTPUT_FILE_0}\"\n";
			showEnvVarsInLog = 0;
		};
		CACF7A40170E1D5672205D17 /* [CP] Embed Pods Frameworks */ = {
			isa = PBXShellScriptBuildPhase;
			buildActionMask = 2147483647;
			files = (
			);
			inputFileListPaths = (
				"${PODS_ROOT}/Target Support Files/Pods-IGListKit-Objc/Pods-IGListKit-Objc-frameworks-${CONFIGURATION}-input-files.xcfilelist",
			);
			name = "[CP] Embed Pods Frameworks";
			outputFileListPaths = (
				"${PODS_ROOT}/Target Support Files/Pods-IGListKit-Objc/Pods-IGListKit-Objc-frameworks-${CONFIGURATION}-output-files.xcfilelist",
			);
			runOnlyForDeploymentPostprocessing = 0;
			shellPath = /bin/sh;
			shellScript = "\"${PODS_ROOT}/Target Support Files/Pods-IGListKit-Objc/Pods-IGListKit-Objc-frameworks.sh\"\n";
			showEnvVarsInLog = 0;
		};
/* End PBXShellScriptBuildPhase section */

/* Begin PBXSourcesBuildPhase section */
		B8371CCE236FCD1200FB1F03 /* Sources */ = {
			isa = PBXSourcesBuildPhase;
			buildActionMask = 2147483647;
			files = (
				B8371CDD236FCD1200FB1F03 /* MainViewController.m in Sources */,
				B8371CD7236FCD1200FB1F03 /* AppDelegate.m in Sources */,
				B8371CE8236FCD1400FB1F03 /* main.m in Sources */,
				B8371CDA236FCD1200FB1F03 /* SceneDelegate.m in Sources */,
			);
			runOnlyForDeploymentPostprocessing = 0;
		};
/* End PBXSourcesBuildPhase section */

/* Begin PBXVariantGroup section */
		B8371CDE236FCD1200FB1F03 /* Main.storyboard */ = {
			isa = PBXVariantGroup;
			children = (
				B8371CDF236FCD1200FB1F03 /* Base */,
			);
			name = Main.storyboard;
			sourceTree = "<group>";
		};
		B8371CE3236FCD1400FB1F03 /* LaunchScreen.storyboard */ = {
			isa = PBXVariantGroup;
			children = (
				B8371CE4236FCD1400FB1F03 /* Base */,
			);
			name = LaunchScreen.storyboard;
			sourceTree = "<group>";
		};
/* End PBXVariantGroup section */

/* Begin XCBuildConfiguration section */
		B8371CE9236FCD1400FB1F03 /* Debug */ = {
			isa = XCBuildConfiguration;
			buildSettings = {
				ALWAYS_SEARCH_USER_PATHS = NO;
				CLANG_ANALYZER_NONNULL = YES;
				CLANG_ANALYZER_NUMBER_OBJECT_CONVERSION = YES_AGGRESSIVE;
				CLANG_CXX_LANGUAGE_STANDARD = "gnu++14";
				CLANG_CXX_LIBRARY = "libc++";
				CLANG_ENABLE_MODULES = YES;
				CLANG_ENABLE_OBJC_ARC = YES;
				CLANG_ENABLE_OBJC_WEAK = YES;
				CLANG_WARN_BLOCK_CAPTURE_AUTORELEASING = YES;
				CLANG_WARN_BOOL_CONVERSION = YES;
				CLANG_WARN_COMMA = YES;
				CLANG_WARN_CONSTANT_CONVERSION = YES;
				CLANG_WARN_DEPRECATED_OBJC_IMPLEMENTATIONS = YES;
				CLANG_WARN_DIRECT_OBJC_ISA_USAGE = YES_ERROR;
				CLANG_WARN_DOCUMENTATION_COMMENTS = YES;
				CLANG_WARN_EMPTY_BODY = YES;
				CLANG_WARN_ENUM_CONVERSION = YES;
				CLANG_WARN_INFINITE_RECURSION = YES;
				CLANG_WARN_INT_CONVERSION = YES;
				CLANG_WARN_NON_LITERAL_NULL_CONVERSION = YES;
				CLANG_WARN_OBJC_IMPLICIT_RETAIN_SELF = YES;
				CLANG_WARN_OBJC_LITERAL_CONVERSION = YES;
				CLANG_WARN_OBJC_ROOT_CLASS = YES_ERROR;
				CLANG_WARN_RANGE_LOOP_ANALYSIS = YES;
				CLANG_WARN_STRICT_PROTOTYPES = YES;
				CLANG_WARN_SUSPICIOUS_MOVE = YES;
				CLANG_WARN_UNGUARDED_AVAILABILITY = YES_AGGRESSIVE;
				CLANG_WARN_UNREACHABLE_CODE = YES;
				CLANG_WARN__DUPLICATE_METHOD_MATCH = YES;
				COPY_PHASE_STRIP = NO;
				DEBUG_INFORMATION_FORMAT = dwarf;
				ENABLE_STRICT_OBJC_MSGSEND = YES;
				ENABLE_TESTABILITY = YES;
				GCC_C_LANGUAGE_STANDARD = gnu11;
				GCC_DYNAMIC_NO_PIC = NO;
				GCC_NO_COMMON_BLOCKS = YES;
				GCC_OPTIMIZATION_LEVEL = 0;
				GCC_PREPROCESSOR_DEFINITIONS = (
					"DEBUG=1",
					"$(inherited)",
				);
				GCC_WARN_64_TO_32_BIT_CONVERSION = YES;
				GCC_WARN_ABOUT_RETURN_TYPE = YES_ERROR;
				GCC_WARN_UNDECLARED_SELECTOR = YES;
				GCC_WARN_UNINITIALIZED_AUTOS = YES_AGGRESSIVE;
				GCC_WARN_UNUSED_FUNCTION = YES;
				GCC_WARN_UNUSED_VARIABLE = YES;
				IPHONEOS_DEPLOYMENT_TARGET = 9.0;
				MTL_ENABLE_DEBUG_INFO = INCLUDE_SOURCE;
				MTL_FAST_MATH = YES;
				ONLY_ACTIVE_ARCH = YES;
				SDKROOT = iphoneos;
			};
			name = Debug;
		};
		B8371CEA236FCD1400FB1F03 /* Release */ = {
			isa = XCBuildConfiguration;
			buildSettings = {
				ALWAYS_SEARCH_USER_PATHS = NO;
				CLANG_ANALYZER_NONNULL = YES;
				CLANG_ANALYZER_NUMBER_OBJECT_CONVERSION = YES_AGGRESSIVE;
				CLANG_CXX_LANGUAGE_STANDARD = "gnu++14";
				CLANG_CXX_LIBRARY = "libc++";
				CLANG_ENABLE_MODULES = YES;
				CLANG_ENABLE_OBJC_ARC = YES;
				CLANG_ENABLE_OBJC_WEAK = YES;
				CLANG_WARN_BLOCK_CAPTURE_AUTORELEASING = YES;
				CLANG_WARN_BOOL_CONVERSION = YES;
				CLANG_WARN_COMMA = YES;
				CLANG_WARN_CONSTANT_CONVERSION = YES;
				CLANG_WARN_DEPRECATED_OBJC_IMPLEMENTATIONS = YES;
				CLANG_WARN_DIRECT_OBJC_ISA_USAGE = YES_ERROR;
				CLANG_WARN_DOCUMENTATION_COMMENTS = YES;
				CLANG_WARN_EMPTY_BODY = YES;
				CLANG_WARN_ENUM_CONVERSION = YES;
				CLANG_WARN_INFINITE_RECURSION = YES;
				CLANG_WARN_INT_CONVERSION = YES;
				CLANG_WARN_NON_LITERAL_NULL_CONVERSION = YES;
				CLANG_WARN_OBJC_IMPLICIT_RETAIN_SELF = YES;
				CLANG_WARN_OBJC_LITERAL_CONVERSION = YES;
				CLANG_WARN_OBJC_ROOT_CLASS = YES_ERROR;
				CLANG_WARN_RANGE_LOOP_ANALYSIS = YES;
				CLANG_WARN_STRICT_PROTOTYPES = YES;
				CLANG_WARN_SUSPICIOUS_MOVE = YES;
				CLANG_WARN_UNGUARDED_AVAILABILITY = YES_AGGRESSIVE;
				CLANG_WARN_UNREACHABLE_CODE = YES;
				CLANG_WARN__DUPLICATE_METHOD_MATCH = YES;
				COPY_PHASE_STRIP = NO;
				DEBUG_INFORMATION_FORMAT = "dwarf-with-dsym";
				ENABLE_NS_ASSERTIONS = NO;
				ENABLE_STRICT_OBJC_MSGSEND = YES;
				GCC_C_LANGUAGE_STANDARD = gnu11;
				GCC_NO_COMMON_BLOCKS = YES;
				GCC_WARN_64_TO_32_BIT_CONVERSION = YES;
				GCC_WARN_ABOUT_RETURN_TYPE = YES_ERROR;
				GCC_WARN_UNDECLARED_SELECTOR = YES;
				GCC_WARN_UNINITIALIZED_AUTOS = YES_AGGRESSIVE;
				GCC_WARN_UNUSED_FUNCTION = YES;
				GCC_WARN_UNUSED_VARIABLE = YES;
				IPHONEOS_DEPLOYMENT_TARGET = 9.0;
				MTL_ENABLE_DEBUG_INFO = NO;
				MTL_FAST_MATH = YES;
				SDKROOT = iphoneos;
				VALIDATE_PRODUCT = YES;
			};
			name = Release;
		};
		B8371CEC236FCD1400FB1F03 /* Debug */ = {
			isa = XCBuildConfiguration;
			baseConfigurationReference = 57FA2741A327ECE4B38BF8EB /* Pods-IGListKit-Objc.debug.xcconfig */;
			buildSettings = {
				ASSETCATALOG_COMPILER_APPICON_NAME = AppIcon;
				CODE_SIGN_ENTITLEMENTS = "IGListKit-Objc/IGListKit-Objc.entitlements";
				CODE_SIGN_STYLE = Automatic;
				DEVELOPMENT_TEAM = 6QRWM94KKM;
				INFOPLIST_FILE = "IGListKit-Objc/Info.plist";
				IPHONEOS_DEPLOYMENT_TARGET = 9.0;
				LD_RUNPATH_SEARCH_PATHS = (
					"$(inherited)",
					"@executable_path/Frameworks",
				);
				PRODUCT_BUNDLE_IDENTIFIER = "com.IGListKit-Objc";
				PRODUCT_NAME = "$(TARGET_NAME)";
				SUPPORTS_MACCATALYST = NO;
				TARGETED_DEVICE_FAMILY = "1,2";
			};
			name = Debug;
		};
		B8371CED236FCD1400FB1F03 /* Release */ = {
			isa = XCBuildConfiguration;
			baseConfigurationReference = 351FC598451A64AA7E43BE81 /* Pods-IGListKit-Objc.release.xcconfig */;
			buildSettings = {
				ASSETCATALOG_COMPILER_APPICON_NAME = AppIcon;
				CODE_SIGN_ENTITLEMENTS = "IGListKit-Objc/IGListKit-Objc.entitlements";
				CODE_SIGN_STYLE = Automatic;
				DEVELOPMENT_TEAM = 6QRWM94KKM;
				INFOPLIST_FILE = "IGListKit-Objc/Info.plist";
				IPHONEOS_DEPLOYMENT_TARGET = 9.0;
				LD_RUNPATH_SEARCH_PATHS = (
					"$(inherited)",
					"@executable_path/Frameworks",
				);
				PRODUCT_BUNDLE_IDENTIFIER = "com.IGListKit-Objc";
				PRODUCT_NAME = "$(TARGET_NAME)";
				SUPPORTS_MACCATALYST = NO;
				TARGETED_DEVICE_FAMILY = "1,2";
			};
			name = Release;
		};
/* End XCBuildConfiguration section */

/* Begin XCConfigurationList section */
		B8371CCD236FCD1200FB1F03 /* Build configuration list for PBXProject "IGListKit-Objc" */ = {
			isa = XCConfigurationList;
			buildConfigurations = (
				B8371CE9236FCD1400FB1F03 /* Debug */,
				B8371CEA236FCD1400FB1F03 /* Release */,
			);
			defaultConfigurationIsVisible = 0;
			defaultConfigurationName = Release;
		};
		B8371CEB236FCD1400FB1F03 /* Build configuration list for PBXNativeTarget "IGListKit-Objc" */ = {
			isa = XCConfigurationList;
			buildConfigurations = (
				B8371CEC236FCD1400FB1F03 /* Debug */,
				B8371CED236FCD1400FB1F03 /* Release */,
			);
			defaultConfigurationIsVisible = 0;
			defaultConfigurationName = Release;
		};
/* End XCConfigurationList section */
	};
	rootObject = B8371CCA236FCD1200FB1F03 /* Project object */;
}
