PODS:
  - IGListKit (3.4.0):
    - IGListKit/Default (= 3.4.0)
  - IGListKit/Default (3.4.0):
    - IGListKit/Diffing
  - IGListKit/Diffing (3.4.0)

DEPENDENCIES:
  - IGListKit

SPEC REPOS:
  trunk:
    - IGListKit

SPEC CHECKSUMS:
  IGListKit: 7a5d788e9fb746bcd402baa8e8b24bc3bd2a5a07

PODFILE CHECKSUM: ba19fbdddc38a3fde4ba80643890035a33b9be15

COCOAPODS: 1.8.3
